
Microsoft Visual Studio Solution File, Format Version 12.00
# Visual Studio Version 16
VisualStudioVersion = 16.0.30104.148
MinimumVisualStudioVersion = 10.0.40219.1
Project("{FAE04EC0-301F-11D3-BF4B-00C04F79EFBC}") = "ZAD_10", "ZAD_10\ZAD_10.csproj", "{7D23031D-170F-4601-AA43-9F37DE71EF5A}"
EndProject
Global
	GlobalSection(SolutionConfigurationPlatforms) = preSolution
		Debug|Any CPU = Debug|Any CPU
		Release|Any CPU = Release|Any CPU
	EndGlobalSection
	GlobalSection(ProjectConfigurationPlatforms) = postSolution
		{7D23031D-170F-4601-AA43-9F37DE71EF5A}.Debug|Any CPU.ActiveCfg = Debug|Any CPU
		{7D23031D-170F-4601-AA43-9F37DE71EF5A}.Debug|Any CPU.Build.0 = Debug|Any CPU
		{7D23031D-170F-4601-AA43-9F37DE71EF5A}.Release|Any CPU.ActiveCfg = Release|Any CPU
		{7D23031D-170F-4601-AA43-9F37DE71EF5A}.Release|Any CPU.Build.0 = Release|Any CPU
	EndGlobalSection
	GlobalSection(SolutionProperties) = preSolution
		HideSolutionNode = FALSE
	EndGlobalSection
	GlobalSection(ExtensibilityGlobals) = postSolution
		SolutionGuid = {3E9CA6DA-2B97-492B-9235-94A2E63A9906}
	EndGlobalSection
EndGlobal
